// !$*UTF8*$!
{
	archiveVersion = 1;
	classes = {
	};
	objectVersion = 56;
	objects = {

/* Begin PBXBuildFile section */
		D653C1AB2AD96C6D003FC791 /* AppDelegate.swift in Sources */ = {isa = PBXBuildFile; fileRef = D653C1AA2AD96C6D003FC791 /* AppDelegate.swift */; };
		D653C1AD2AD96C6D003FC791 /* ViewController.swift in Sources */ = {isa = PBXBuildFile; fileRef = D653C1AC2AD96C6D003FC791 /* ViewController.swift */; };
		D653C1AF2AD96C6E003FC791 /* Assets.xcassets in Resources */ = {isa = PBXBuildFile; fileRef = D653C1AE2AD96C6E003FC791 /* Assets.xcassets */; };
		D653C1B22AD96C6E003FC791 /* Main.storyboard in Resources */ = {isa = PBXBuildFile; fileRef = D653C1B02AD96C6E003FC791 /* Main.storyboard */; };
		D653C1BD2AD96C6F003FC791 /* SwiftIPHostTests.swift in Sources */ = {isa = PBXBuildFile; fileRef = D653C1BC2AD96C6F003FC791 /* SwiftIPHostTests.swift */; };
		D653C1C72AD96C6F003FC791 /* SwiftIPHostUITests.swift in Sources */ = {isa = PBXBuildFile; fileRef = D653C1C62AD96C6F003FC791 /* SwiftIPHostUITests.swift */; };
		D653C1C92AD96C6F003FC791 /* SwiftIPHostUITestsLaunchTests.swift in Sources */ = {isa = PBXBuildFile; fileRef = D653C1C82AD96C6F003FC791 /* SwiftIPHostUITestsLaunchTests.swift */; };
/* End PBXBuildFile section */

/* Begin PBXContainerItemProxy section */
		D653C1B92AD96C6F003FC791 /* PBXContainerItemProxy */ = {
			isa = PBXContainerItemProxy;
			containerPortal = D653C19F2AD96C6D003FC791 /* Project object */;
			proxyType = 1;
			remoteGlobalIDString = D653C1A62AD96C6D003FC791;
			remoteInfo = SwiftIPHost;
		};
		D653C1C32AD96C6F003FC791 /* PBXContainerItemProxy */ = {
			isa = PBXContainerItemProxy;
			containerPortal = D653C19F2AD96C6D003FC791 /* Project object */;
			proxyType = 1;
			remoteGlobalIDString = D653C1A62AD96C6D003FC791;
			remoteInfo = SwiftIPHost;
		};
/* End PBXContainerItemProxy section */

/* Begin PBXFileReference section */
		D653C1A72AD96C6D003FC791 /* SwiftIPHost.app */ = {isa = PBXFileReference; explicitFileType = wrapper.application; includeInIndex = 0; path = SwiftIPHost.app; sourceTree = BUILT_PRODUCTS_DIR; };
		D653C1AA2AD96C6D003FC791 /* AppDelegate.swift */ = {isa = PBXFileReference; lastKnownFileType = sourcecode.swift; path = AppDelegate.swift; sourceTree = "<group>"; };
		D653C1AC2AD96C6D003FC791 /* ViewController.swift */ = {isa = PBXFileReference; lastKnownFileType = sourcecode.swift; path = ViewController.swift; sourceTree = "<group>"; };
		D653C1AE2AD96C6E003FC791 /* Assets.xcassets */ = {isa = PBXFileReference; lastKnownFileType = folder.assetcatalog; path = Assets.xcassets; sourceTree = "<group>"; };
		D653C1B12AD96C6E003FC791 /* Base */ = {isa = PBXFileReference; lastKnownFileType = file.storyboard; name = Base; path = Base.lproj/Main.storyboard; sourceTree = "<group>"; };
		D653C1B32AD96C6E003FC791 /* SwiftIPHost.entitlements */ = {isa = PBXFileReference; lastKnownFileType = text.plist.entitlements; path = SwiftIPHost.entitlements; sourceTree = "<group>"; };
		D653C1B82AD96C6F003FC791 /* SwiftIPHostTests.xctest */ = {isa = PBXFileReference; explicitFileType = wrapper.cfbundle; includeInIndex = 0; path = SwiftIPHostTests.xctest; sourceTree = BUILT_PRODUCTS_DIR; };
		D653C1BC2AD96C6F003FC791 /* SwiftIPHostTests.swift */ = {isa = PBXFileReference; lastKnownFileType = sourcecode.swift; path = SwiftIPHostTests.swift; sourceTree = "<group>"; };
		D653C1C22AD96C6F003FC791 /* SwiftIPHostUITests.xctest */ = {isa = PBXFileReference; explicitFileType = wrapper.cfbundle; includeInIndex = 0; path = SwiftIPHostUITests.xctest; sourceTree = BUILT_PRODUCTS_DIR; };
		D653C1C62AD96C6F003FC791 /* SwiftIPHostUITests.swift */ = {isa = PBXFileReference; lastKnownFileType = sourcecode.swift; path = SwiftIPHostUITests.swift; sourceTree = "<group>"; };
		D653C1C82AD96C6F003FC791 /* SwiftIPHostUITestsLaunchTests.swift */ = {isa = PBXFileReference; lastKnownFileType = sourcecode.swift; path = SwiftIPHostUITestsLaunchTests.swift; sourceTree = "<group>"; };
/* End PBXFileReference section */

/* Begin PBXFrameworksBuildPhase section */
		D653C1A42AD96C6D003FC791 /* Frameworks */ = {
			isa = PBXFrameworksBuildPhase;
			buildActionMask = 2147483647;
			files = (
			);
			runOnlyForDeploymentPostprocessing = 0;
		};
		D653C1B52AD96C6F003FC791 /* Frameworks */ = {
			isa = PBXFrameworksBuildPhase;
			buildActionMask = 2147483647;
			files = (
			);
			runOnlyForDeploymentPostprocessing = 0;
		};
		D653C1BF2AD96C6F003FC791 /* Frameworks */ = {
			isa = PBXFrameworksBuildPhase;
			buildActionMask = 2147483647;
			files = (
			);
			runOnlyForDeploymentPostprocessing = 0;
		};
/* End PBXFrameworksBuildPhase section */

/* Begin PBXGroup section */
		D653C19E2AD96C6D003FC791 = {
			isa = PBXGroup;
			children = (
				D653C1A92AD96C6D003FC791 /* SwiftIPHost */,
				D653C1BB2AD96C6F003FC791 /* SwiftIPHostTests */,
				D653C1C52AD96C6F003FC791 /* SwiftIPHostUITests */,
				D653C1A82AD96C6D003FC791 /* Products */,
			);
			sourceTree = "<group>";
		};
		D653C1A82AD96C6D003FC791 /* Products */ = {
			isa = PBXGroup;
			children = (
				D653C1A72AD96C6D003FC791 /* SwiftIPHost.app */,
				D653C1B82AD96C6F003FC791 /* SwiftIPHostTests.xctest */,
				D653C1C22AD96C6F003FC791 /* SwiftIPHostUITests.xctest */,
			);
			name = Products;
			sourceTree = "<group>";
		};
		D653C1A92AD96C6D003FC791 /* SwiftIPHost */ = {
			isa = PBXGroup;
			children = (
				D653C1AA2AD96C6D003FC791 /* AppDelegate.swift */,
				D653C1AC2AD96C6D003FC791 /* ViewController.swift */,
				D653C1AE2AD96C6E003FC791 /* Assets.xcassets */,
				D653C1B02AD96C6E003FC791 /* Main.storyboard */,
				D653C1B32AD96C6E003FC791 /* SwiftIPHost.entitlements */,
			);
			path = SwiftIPHost;
			sourceTree = "<group>";
		};
		D653C1BB2AD96C6F003FC791 /* SwiftIPHostTests */ = {
			isa = PBXGroup;
			children = (
				D653C1BC2AD96C6F003FC791 /* SwiftIPHostTests.swift */,
			);
			path = SwiftIPHostTests;
			sourceTree = "<group>";
		};
		D653C1C52AD96C6F003FC791 /* SwiftIPHostUITests */ = {
			isa = PBXGroup;
			children = (
				D653C1C62AD96C6F003FC791 /* SwiftIPHostUITests.swift */,
				D653C1C82AD96C6F003FC791 /* SwiftIPHostUITestsLaunchTests.swift */,
			);
			path = SwiftIPHostUITests;
			sourceTree = "<group>";
		};
/* End PBXGroup section */

/* Begin PBXNativeTarget section */
		D653C1A62AD96C6D003FC791 /* SwiftIPHost */ = {
			isa = PBXNativeTarget;
			buildConfigurationList = D653C1CC2AD96C6F003FC791 /* Build configuration list for PBXNativeTarget "SwiftIPHost" */;
			buildPhases = (
				D653C1A32AD96C6D003FC791 /* Sources */,
				D653C1A42AD96C6D003FC791 /* Frameworks */,
				D653C1A52AD96C6D003FC791 /* Resources */,
			);
			buildRules = (
			);
			dependencies = (
			);
			name = SwiftIPHost;
			productName = SwiftIPHost;
			productReference = D653C1A72AD96C6D003FC791 /* SwiftIPHost.app */;
			productType = "com.apple.product-type.application";
		};
		D653C1B72AD96C6F003FC791 /* SwiftIPHostTests */ = {
			isa = PBXNativeTarget;
			buildConfigurationList = D653C1CF2AD96C6F003FC791 /* Build configuration list for PBXNativeTarget "SwiftIPHostTests" */;
			buildPhases = (
				D653C1B42AD96C6F003FC791 /* Sources */,
				D653C1B52AD96C6F003FC791 /* Frameworks */,
				D653C1B62AD96C6F003FC791 /* Resources */,
			);
			buildRules = (
			);
			dependencies = (
				D653C1BA2AD96C6F003FC791 /* PBXTargetDependency */,
			);
			name = SwiftIPHostTests;
			productName = SwiftIPHostTests;
			productReference = D653C1B82AD96C6F003FC791 /* SwiftIPHostTests.xctest */;
			productType = "com.apple.product-type.bundle.unit-test";
		};
		D653C1C12AD96C6F003FC791 /* SwiftIPHostUITests */ = {
			isa = PBXNativeTarget;
			buildConfigurationList = D653C1D22AD96C6F003FC791 /* Build configuration list for PBXNativeTarget "SwiftIPHostUITests" */;
			buildPhases = (
				D653C1BE2AD96C6F003FC791 /* Sources */,
				D653C1BF2AD96C6F003FC791 /* Frameworks */,
				D653C1C02AD96C6F003FC791 /* Resources */,
			);
			buildRules = (
			);
			dependencies = (
				D653C1C42AD96C6F003FC791 /* PBXTargetDependency */,
			);
			name = SwiftIPHostUITests;
			productName = SwiftIPHostUITests;
			productReference = D653C1C22AD96C6F003FC791 /* SwiftIPHostUITests.xctest */;
			productType = "com.apple.product-type.bundle.ui-testing";
		};
/* End PBXNativeTarget section */

/* Begin PBXProject section */
		D653C19F2AD96C6D003FC791 /* Project object */ = {
			isa = PBXProject;
			attributes = {
				BuildIndependentTargetsInParallel = 1;
				LastSwiftUpdateCheck = 1500;
				LastUpgradeCheck = 1500;
				TargetAttributes = {
					D653C1A62AD96C6D003FC791 = {
						CreatedOnToolsVersion = 15.0;
					};
					D653C1B72AD96C6F003FC791 = {
						CreatedOnToolsVersion = 15.0;
						TestTargetID = D653C1A62AD96C6D003FC791;
					};
					D653C1C12AD96C6F003FC791 = {
						CreatedOnToolsVersion = 15.0;
						TestTargetID = D653C1A62AD96C6D003FC791;
					};
				};
			};
			buildConfigurationList = D653C1A22AD96C6D003FC791 /* Build configuration list for PBXProject "SwiftIPHost" */;
			compatibilityVersion = "Xcode 14.0";
			developmentRegion = en;
			hasScannedForEncodings = 0;
			knownRegions = (
				en,
				Base,
			);
			mainGroup = D653C19E2AD96C6D003FC791;
			productRefGroup = D653C1A82AD96C6D003FC791 /* Products */;
			projectDirPath = "";
			projectRoot = "";
			targets = (
				D653C1A62AD96C6D003FC791 /* SwiftIPHost */,
				D653C1B72AD96C6F003FC791 /* SwiftIPHostTests */,
				D653C1C12AD96C6F003FC791 /* SwiftIPHostUITests */,
			);
		};
/* End PBXProject section */

/* Begin PBXResourcesBuildPhase section */
		D653C1A52AD96C6D003FC791 /* Resources */ = {
			isa = PBXResourcesBuildPhase;
			buildActionMask = 2147483647;
			files = (
				D653C1AF2AD96C6E003FC791 /* Assets.xcassets in Resources */,
				D653C1B22AD96C6E003FC791 /* Main.storyboard in Resources */,
			);
			runOnlyForDeploymentPostprocessing = 0;
		};
		D653C1B62AD96C6F003FC791 /* Resources */ = {
			isa = PBXResourcesBuildPhase;
			buildActionMask = 2147483647;
			files = (
			);
			runOnlyForDeploymentPostprocessing = 0;
		};
		D653C1C02AD96C6F003FC791 /* Resources */ = {
			isa = PBXResourcesBuildPhase;
			buildActionMask = 2147483647;
			files = (
			);
			runOnlyForDeploymentPostprocessing = 0;
		};
/* End PBXResourcesBuildPhase section */

/* Begin PBXSourcesBuildPhase section */
		D653C1A32AD96C6D003FC791 /* Sources */ = {
			isa = PBXSourcesBuildPhase;
			buildActionMask = 2147483647;
			files = (
				D653C1AD2AD96C6D003FC791 /* ViewController.swift in Sources */,
				D653C1AB2AD96C6D003FC791 /* AppDelegate.swift in Sources */,
			);
			runOnlyForDeploymentPostprocessing = 0;
		};
		D653C1B42AD96C6F003FC791 /* Sources */ = {
			isa = PBXSourcesBuildPhase;
			buildActionMask = 2147483647;
			files = (
				D653C1BD2AD96C6F003FC791 /* SwiftIPHostTests.swift in Sources */,
			);
			runOnlyForDeploymentPostprocessing = 0;
		};
		D653C1BE2AD96C6F003FC791 /* Sources */ = {
			isa = PBXSourcesBuildPhase;
			buildActionMask = 2147483647;
			files = (
				D653C1C72AD96C6F003FC791 /* SwiftIPHostUITests.swift in Sources */,
				D653C1C92AD96C6F003FC791 /* SwiftIPHostUITestsLaunchTests.swift in Sources */,
			);
			runOnlyForDeploymentPostprocessing = 0;
		};
/* End PBXSourcesBuildPhase section */

/* Begin PBXTargetDependency section */
		D653C1BA2AD96C6F003FC791 /* PBXTargetDependency */ = {
			isa = PBXTargetDependency;
			target = D653C1A62AD96C6D003FC791 /* SwiftIPHost */;
			targetProxy = D653C1B92AD96C6F003FC791 /* PBXContainerItemProxy */;
		};
		D653C1C42AD96C6F003FC791 /* PBXTargetDependency */ = {
			isa = PBXTargetDependency;
			target = D653C1A62AD96C6D003FC791 /* SwiftIPHost */;
			targetProxy = D653C1C32AD96C6F003FC791 /* PBXContainerItemProxy */;
		};
/* End PBXTargetDependency section */

/* Begin PBXVariantGroup section */
		D653C1B02AD96C6E003FC791 /* Main.storyboard */ = {
			isa = PBXVariantGroup;
			children = (
				D653C1B12AD96C6E003FC791 /* Base */,
			);
			name = Main.storyboard;
			sourceTree = "<group>";
		};
/* End PBXVariantGroup section */

/* Begin XCBuildConfiguration section */
		D653C1CA2AD96C6F003FC791 /* Debug */ = {
			isa = XCBuildConfiguration;
			buildSettings = {
				ALWAYS_SEARCH_USER_PATHS = NO;
				ASSETCATALOG_COMPILER_GENERATE_SWIFT_ASSET_SYMBOL_EXTENSIONS = YES;
				CLANG_ANALYZER_NONNULL = YES;
				CLANG_ANALYZER_NUMBER_OBJECT_CONVERSION = YES_AGGRESSIVE;
				CLANG_CXX_LANGUAGE_STANDARD = "gnu++20";
				CLANG_ENABLE_MODULES = YES;
				CLANG_ENABLE_OBJC_ARC = YES;
				CLANG_ENABLE_OBJC_WEAK = YES;
				CLANG_WARN_BLOCK_CAPTURE_AUTORELEASING = YES;
				CLANG_WARN_BOOL_CONVERSION = YES;
				CLANG_WARN_COMMA = YES;
				CLANG_WARN_CONSTANT_CONVERSION = YES;
				CLANG_WARN_DEPRECATED_OBJC_IMPLEMENTATIONS = YES;
				CLANG_WARN_DIRECT_OBJC_ISA_USAGE = YES_ERROR;
				CLANG_WARN_DOCUMENTATION_COMMENTS = YES;
				CLANG_WARN_EMPTY_BODY = YES;
				CLANG_WARN_ENUM_CONVERSION = YES;
				CLANG_WARN_INFINITE_RECURSION = YES;
				CLANG_WARN_INT_CONVERSION = YES;
				CLANG_WARN_NON_LITERAL_NULL_CONVERSION = YES;
				CLANG_WARN_OBJC_IMPLICIT_RETAIN_SELF = YES;
				CLANG_WARN_OBJC_LITERAL_CONVERSION = YES;
				CLANG_WARN_OBJC_ROOT_CLASS = YES_ERROR;
				CLANG_WARN_QUOTED_INCLUDE_IN_FRAMEWORK_HEADER = YES;
				CLANG_WARN_RANGE_LOOP_ANALYSIS = YES;
				CLANG_WARN_STRICT_PROTOTYPES = YES;
				CLANG_WARN_SUSPICIOUS_MOVE = YES;
				CLANG_WARN_UNGUARDED_AVAILABILITY = YES_AGGRESSIVE;
				CLANG_WARN_UNREACHABLE_CODE = YES;
				CLANG_WARN__DUPLICATE_METHOD_MATCH = YES;
				COPY_PHASE_STRIP = NO;
				DEBUG_INFORMATION_FORMAT = dwarf;
				ENABLE_STRICT_OBJC_MSGSEND = YES;
				ENABLE_TESTABILITY = YES;
				ENABLE_USER_SCRIPT_SANDBOXING = YES;
				GCC_C_LANGUAGE_STANDARD = gnu17;
				GCC_DYNAMIC_NO_PIC = NO;
				GCC_NO_COMMON_BLOCKS = YES;
				GCC_OPTIMIZATION_LEVEL = 0;
				GCC_PREPROCESSOR_DEFINITIONS = (
					"DEBUG=1",
					"$(inherited)",
				);
				GCC_WARN_64_TO_32_BIT_CONVERSION = YES;
				GCC_WARN_ABOUT_RETURN_TYPE = YES_ERROR;
				GCC_WARN_UNDECLARED_SELECTOR = YES;
				GCC_WARN_UNINITIALIZED_AUTOS = YES_AGGRESSIVE;
				GCC_WARN_UNUSED_FUNCTION = YES;
				GCC_WARN_UNUSED_VARIABLE = YES;
				LOCALIZATION_PREFERS_STRING_CATALOGS = YES;
				MACOSX_DEPLOYMENT_TARGET = 14.0;
				MTL_ENABLE_DEBUG_INFO = INCLUDE_SOURCE;
				MTL_FAST_MATH = YES;
				ONLY_ACTIVE_ARCH = YES;
				SDKROOT = macosx;
				SWIFT_ACTIVE_COMPILATION_CONDITIONS = "DEBUG $(inherited)";
				SWIFT_OPTIMIZATION_LEVEL = "-Onone";
			};
			name = Debug;
		};
		D653C1CB2AD96C6F003FC791 /* Release */ = {
			isa = XCBuildConfiguration;
			buildSettings = {
				ALWAYS_SEARCH_USER_PATHS = NO;
				ASSETCATALOG_COMPILER_GENERATE_SWIFT_ASSET_SYMBOL_EXTENSIONS = YES;
				CLANG_ANALYZER_NONNULL = YES;
				CLANG_ANALYZER_NUMBER_OBJECT_CONVERSION = YES_AGGRESSIVE;
				CLANG_CXX_LANGUAGE_STANDARD = "gnu++20";
				CLANG_ENABLE_MODULES = YES;
				CLANG_ENABLE_OBJC_ARC = YES;
				CLANG_ENABLE_OBJC_WEAK = YES;
				CLANG_WARN_BLOCK_CAPTURE_AUTORELEASING = YES;
				CLANG_WARN_BOOL_CONVERSION = YES;
				CLANG_WARN_COMMA = YES;
				CLANG_WARN_CONSTANT_CONVERSION = YES;
				CLANG_WARN_DEPRECATED_OBJC_IMPLEMENTATIONS = YES;
				CLANG_WARN_DIRECT_OBJC_ISA_USAGE = YES_ERROR;
				CLANG_WARN_DOCUMENTATION_COMMENTS = YES;
				CLANG_WARN_EMPTY_BODY = YES;
				CLANG_WARN_ENUM_CONVERSION = YES;
				CLANG_WARN_INFINITE_RECURSION = YES;
				CLANG_WARN_INT_CONVERSION = YES;
				CLANG_WARN_NON_LITERAL_NULL_CONVERSION = YES;
				CLANG_WARN_OBJC_IMPLICIT_RETAIN_SELF = YES;
				CLANG_WARN_OBJC_LITERAL_CONVERSION = YES;
				CLANG_WARN_OBJC_ROOT_CLASS = YES_ERROR;
				CLANG_WARN_QUOTED_INCLUDE_IN_FRAMEWORK_HEADER = YES;
				CLANG_WARN_RANGE_LOOP_ANALYSIS = YES;
				CLANG_WARN_STRICT_PROTOTYPES = YES;
				CLANG_WARN_SUSPICIOUS_MOVE = YES;
				CLANG_WARN_UNGUARDED_AVAILABILITY = YES_AGGRESSIVE;
				CLANG_WARN_UNREACHABLE_CODE = YES;
				CLANG_WARN__DUPLICATE_METHOD_MATCH = YES;
				COPY_PHASE_STRIP = NO;
				DEBUG_INFORMATION_FORMAT = "dwarf-with-dsym";
				ENABLE_NS_ASSERTIONS = NO;
				ENABLE_STRICT_OBJC_MSGSEND = YES;
				ENABLE_USER_SCRIPT_SANDBOXING = YES;
				GCC_C_LANGUAGE_STANDARD = gnu17;
				GCC_NO_COMMON_BLOCKS = YES;
				GCC_WARN_64_TO_32_BIT_CONVERSION = YES;
				GCC_WARN_ABOUT_RETURN_TYPE = YES_ERROR;
				GCC_WARN_UNDECLARED_SELECTOR = YES;
				GCC_WARN_UNINITIALIZED_AUTOS = YES_AGGRESSIVE;
				GCC_WARN_UNUSED_FUNCTION = YES;
				GCC_WARN_UNUSED_VARIABLE = YES;
				LOCALIZATION_PREFERS_STRING_CATALOGS = YES;
				MACOSX_DEPLOYMENT_TARGET = 14.0;
				MTL_ENABLE_DEBUG_INFO = NO;
				MTL_FAST_MATH = YES;
				SDKROOT = macosx;
				SWIFT_COMPILATION_MODE = wholemodule;
			};
			name = Release;
		};
		D653C1CD2AD96C6F003FC791 /* Debug */ = {
			isa = XCBuildConfiguration;
			buildSettings = {
				ASSETCATALOG_COMPILER_APPICON_NAME = AppIcon;
				ASSETCATALOG_COMPILER_GLOBAL_ACCENT_COLOR_NAME = AccentColor;
				CODE_SIGN_ENTITLEMENTS = SwiftIPHost/SwiftIPHost.entitlements;
				CODE_SIGN_STYLE = Automatic;
				COMBINE_HIDPI_IMAGES = YES;
				CURRENT_PROJECT_VERSION = 1;
				GENERATE_INFOPLIST_FILE = YES;
				INFOPLIST_KEY_NSHumanReadableCopyright = "";
				INFOPLIST_KEY_NSMainStoryboardFile = Main;
				INFOPLIST_KEY_NSPrincipalClass = NSApplication;
				LD_RUNPATH_SEARCH_PATHS = (
					"$(inherited)",
					"@executable_path/../Frameworks",
				);
				MARKETING_VERSION = 1.0;
				PRODUCT_BUNDLE_IDENTIFIER = com.swift.SwiftIPHost;
				PRODUCT_NAME = "$(TARGET_NAME)";
				SWIFT_EMIT_LOC_STRINGS = YES;
				SWIFT_VERSION = 5.0;
			};
			name = Debug;
		};
		D653C1CE2AD96C6F003FC791 /* Release */ = {
			isa = XCBuildConfiguration;
			buildSettings = {
				ASSETCATALOG_COMPILER_APPICON_NAME = AppIcon;
				ASSETCATALOG_COMPILER_GLOBAL_ACCENT_COLOR_NAME = AccentColor;
				CODE_SIGN_ENTITLEMENTS = SwiftIPHost/SwiftIPHost.entitlements;
				CODE_SIGN_STYLE = Automatic;
				COMBINE_HIDPI_IMAGES = YES;
				CURRENT_PROJECT_VERSION = 1;
				GENERATE_INFOPLIST_FILE = YES;
				INFOPLIST_KEY_NSHumanReadableCopyright = "";
				INFOPLIST_KEY_NSMainStoryboardFile = Main;
				INFOPLIST_KEY_NSPrincipalClass = NSApplication;
				LD_RUNPATH_SEARCH_PATHS = (
					"$(inherited)",
					"@executable_path/../Frameworks",
				);
				MARKETING_VERSION = 1.0;
				PRODUCT_BUNDLE_IDENTIFIER = com.swift.SwiftIPHost;
				PRODUCT_NAME = "$(TARGET_NAME)";
				SWIFT_EMIT_LOC_STRINGS = YES;
				SWIFT_VERSION = 5.0;
			};
			name = Release;
		};
		D653C1D02AD96C6F003FC791 /* Debug */ = {
			isa = XCBuildConfiguration;
			buildSettings = {
				ALWAYS_EMBED_SWIFT_STANDARD_LIBRARIES = YES;
				BUNDLE_LOADER = "$(TEST_HOST)";
				CODE_SIGN_STYLE = Automatic;
				CURRENT_PROJECT_VERSION = 1;
				GENERATE_INFOPLIST_FILE = YES;
				MACOSX_DEPLOYMENT_TARGET = 14.0;
				MARKETING_VERSION = 1.0;
				PRODUCT_BUNDLE_IDENTIFIER = com.swift.SwiftIPHostTests;
				PRODUCT_NAME = "$(TARGET_NAME)";
				SWIFT_EMIT_LOC_STRINGS = NO;
				SWIFT_VERSION = 5.0;
				TEST_HOST = "$(BUILT_PRODUCTS_DIR)/SwiftIPHost.app/$(BUNDLE_EXECUTABLE_FOLDER_PATH)/SwiftIPHost";
			};
			name = Debug;
		};
		D653C1D12AD96C6F003FC791 /* Release */ = {
			isa = XCBuildConfiguration;
			buildSettings = {
				ALWAYS_EMBED_SWIFT_STANDARD_LIBRARIES = YES;
				BUNDLE_LOADER = "$(TEST_HOST)";
				CODE_SIGN_STYLE = Automatic;
				CURRENT_PROJECT_VERSION = 1;
				GENERATE_INFOPLIST_FILE = YES;
				MACOSX_DEPLOYMENT_TARGET = 14.0;
				MARKETING_VERSION = 1.0;
				PRODUCT_BUNDLE_IDENTIFIER = com.swift.SwiftIPHostTests;
				PRODUCT_NAME = "$(TARGET_NAME)";
				SWIFT_EMIT_LOC_STRINGS = NO;
				SWIFT_VERSION = 5.0;
				TEST_HOST = "$(BUILT_PRODUCTS_DIR)/SwiftIPHost.app/$(BUNDLE_EXECUTABLE_FOLDER_PATH)/SwiftIPHost";
			};
			name = Release;
		};
		D653C1D32AD96C6F003FC791 /* Debug */ = {
			isa = XCBuildConfiguration;
			buildSettings = {
				ALWAYS_EMBED_SWIFT_STANDARD_LIBRARIES = YES;
				CODE_SIGN_STYLE = Automatic;
				CURRENT_PROJECT_VERSION = 1;
				GENERATE_INFOPLIST_FILE = YES;
				MARKETING_VERSION = 1.0;
				PRODUCT_BUNDLE_IDENTIFIER = com.swift.SwiftIPHostUITests;
				PRODUCT_NAME = "$(TARGET_NAME)";
				SWIFT_EMIT_LOC_STRINGS = NO;
				SWIFT_VERSION = 5.0;
				TEST_TARGET_NAME = SwiftIPHost;
			};
			name = Debug;
		};
		D653C1D42AD96C6F003FC791 /* Release */ = {
			isa = XCBuildConfiguration;
			buildSettings = {
				ALWAYS_EMBED_SWIFT_STANDARD_LIBRARIES = YES;
				CODE_SIGN_STYLE = Automatic;
				CURRENT_PROJECT_VERSION = 1;
				GENERATE_INFOPLIST_FILE = YES;
				MARKETING_VERSION = 1.0;
				PRODUCT_BUNDLE_IDENTIFIER = com.swift.SwiftIPHostUITests;
				PRODUCT_NAME = "$(TARGET_NAME)";
				SWIFT_EMIT_LOC_STRINGS = NO;
				SWIFT_VERSION = 5.0;
				TEST_TARGET_NAME = SwiftIPHost;
			};
			name = Release;
		};
/* End XCBuildConfiguration section */

/* Begin XCConfigurationList section */
		D653C1A22AD96C6D003FC791 /* Build configuration list for PBXProject "SwiftIPHost" */ = {
			isa = XCConfigurationList;
			buildConfigurations = (
				D653C1CA2AD96C6F003FC791 /* Debug */,
				D653C1CB2AD96C6F003FC791 /* Release */,
			);
			defaultConfigurationIsVisible = 0;
			defaultConfigurationName = Release;
		};
		D653C1CC2AD96C6F003FC791 /* Build configuration list for PBXNativeTarget "SwiftIPHost" */ = {
			isa = XCConfigurationList;
			buildConfigurations = (
				D653C1CD2AD96C6F003FC791 /* Debug */,
				D653C1CE2AD96C6F003FC791 /* Release */,
			);
			defaultConfigurationIsVisible = 0;
			defaultConfigurationName = Release;
		};
		D653C1CF2AD96C6F003FC791 /* Build configuration list for PBXNativeTarget "SwiftIPHostTests" */ = {
			isa = XCConfigurationList;
			buildConfigurations = (
				D653C1D02AD96C6F003FC791 /* Debug */,
				D653C1D12AD96C6F003FC791 /* Release */,
			);
			defaultConfigurationIsVisible = 0;
			defaultConfigurationName = Release;
		};
		D653C1D22AD96C6F003FC791 /* Build configuration list for PBXNativeTarget "SwiftIPHostUITests" */ = {
			isa = XCConfigurationList;
			buildConfigurations = (
				D653C1D32AD96C6F003FC791 /* Debug */,
				D653C1D42AD96C6F003FC791 /* Release */,
			);
			defaultConfigurationIsVisible = 0;
			defaultConfigurationName = Release;
		};
/* End XCConfigurationList section */
	};
	rootObject = D653C19F2AD96C6D003FC791 /* Project object */;
}
